
Microsoft Visual Studio Solution File, Format Version 12.00
# Visual Studio Version 17
VisualStudioVersion = 17.0.31903.59
MinimumVisualStudioVersion = 10.0.40219.1
Project("{FAE04EC0-301F-11D3-BF4B-00C04F79EFBC}") = "Circle_Drawing", "Circle_Drawing\Circle_Drawing.csproj", "{39DE2244-DC6A-460E-983A-4DAF6D05506F}"
EndProject
Global
	GlobalSection(SolutionConfigurationPlatforms) = preSolution
		Debug|Any CPU = Debug|Any CPU
		Release|Any CPU = Release|Any CPU
	EndGlobalSection
	GlobalSection(ProjectConfigurationPlatforms) = postSolution
		{39DE2244-DC6A-460E-983A-4DAF6D05506F}.Debug|Any CPU.ActiveCfg = Debug|Any CPU
		{39DE2244-DC6A-460E-983A-4DAF6D05506F}.Debug|Any CPU.Build.0 = Debug|Any CPU
		{39DE2244-DC6A-460E-983A-4DAF6D05506F}.Release|Any CPU.ActiveCfg = Release|Any CPU
		{39DE2244-DC6A-460E-983A-4DAF6D05506F}.Release|Any CPU.Build.0 = Release|Any CPU
	EndGlobalSection
	GlobalSection(SolutionProperties) = preSolution
		HideSolutionNode = FALSE
	EndGlobalSection
	GlobalSection(ExtensibilityGlobals) = postSolution
		SolutionGuid = {DFD5F220-BDF7-4A9C-9881-73EAD77C7D31}
	EndGlobalSection
EndGlobal
